
Microsoft Visual Studio Solution File, Format Version 12.00
# Visual Studio Version 17
VisualStudioVersion = 17.14.36109.1 d17.14
MinimumVisualStudioVersion = 10.0.40219.1
Project("{FAE04EC0-301F-11D3-BF4B-00C04F79EFBC}") = "Find First Tall Wall", "Find First Tall Wall\Find First Tall Wall.csproj", "{A0BBD476-E9E7-4F38-9F28-71EF339C4878}"
EndProject
Project("{FAE04EC0-301F-11D3-BF4B-00C04F79EFBC}") = "Find Single Element By Id", "Find Single Element By Id\Find Single Element By Id.csproj", "{F4679DEA-B2FA-4229-B8EF-C1E3E8FB29DE}"
EndProject
Project("{FAE04EC0-301F-11D3-BF4B-00C04F79EFBC}") = "Check If Any Invalid Room Exists", "Check If Any Invalid Room Exists\Check If Any Invalid Room Exists.csproj", "{43D09047-9E9C-4C50-A0B8-F62B07E258FF}"
EndProject
Project("{FAE04EC0-301F-11D3-BF4B-00C04F79EFBC}") = "Validate All Levels", "Validate All Levels\Validate All Levels.csproj", "{A1688B59-2ECA-4738-BA72-BF0E7F0AC803}"
EndProject
Project("{FAE04EC0-301F-11D3-BF4B-00C04F79EFBC}") = "Count Valid Walls", "Count Valid Walls\Count Valid Walls.csproj", "{DAD56225-E240-4661-A555-C2AA93D09EE6}"
EndProject
Global
	GlobalSection(SolutionConfigurationPlatforms) = preSolution
		Debug|Any CPU = Debug|Any CPU
		Release|Any CPU = Release|Any CPU
	EndGlobalSection
	GlobalSection(ProjectConfigurationPlatforms) = postSolution
		{A0BBD476-E9E7-4F38-9F28-71EF339C4878}.Debug|Any CPU.ActiveCfg = Debug|Any CPU
		{A0BBD476-E9E7-4F38-9F28-71EF339C4878}.Debug|Any CPU.Build.0 = Debug|Any CPU
		{A0BBD476-E9E7-4F38-9F28-71EF339C4878}.Release|Any CPU.ActiveCfg = Release|Any CPU
		{A0BBD476-E9E7-4F38-9F28-71EF339C4878}.Release|Any CPU.Build.0 = Release|Any CPU
		{F4679DEA-B2FA-4229-B8EF-C1E3E8FB29DE}.Debug|Any CPU.ActiveCfg = Debug|Any CPU
		{F4679DEA-B2FA-4229-B8EF-C1E3E8FB29DE}.Debug|Any CPU.Build.0 = Debug|Any CPU
		{F4679DEA-B2FA-4229-B8EF-C1E3E8FB29DE}.Release|Any CPU.ActiveCfg = Release|Any CPU
		{F4679DEA-B2FA-4229-B8EF-C1E3E8FB29DE}.Release|Any CPU.Build.0 = Release|Any CPU
		{43D09047-9E9C-4C50-A0B8-F62B07E258FF}.Debug|Any CPU.ActiveCfg = Debug|Any CPU
		{43D09047-9E9C-4C50-A0B8-F62B07E258FF}.Debug|Any CPU.Build.0 = Debug|Any CPU
		{43D09047-9E9C-4C50-A0B8-F62B07E258FF}.Release|Any CPU.ActiveCfg = Release|Any CPU
		{43D09047-9E9C-4C50-A0B8-F62B07E258FF}.Release|Any CPU.Build.0 = Release|Any CPU
		{A1688B59-2ECA-4738-BA72-BF0E7F0AC803}.Debug|Any CPU.ActiveCfg = Debug|Any CPU
		{A1688B59-2ECA-4738-BA72-BF0E7F0AC803}.Debug|Any CPU.Build.0 = Debug|Any CPU
		{A1688B59-2ECA-4738-BA72-BF0E7F0AC803}.Release|Any CPU.ActiveCfg = Release|Any CPU
		{A1688B59-2ECA-4738-BA72-BF0E7F0AC803}.Release|Any CPU.Build.0 = Release|Any CPU
		{DAD56225-E240-4661-A555-C2AA93D09EE6}.Debug|Any CPU.ActiveCfg = Debug|Any CPU
		{DAD56225-E240-4661-A555-C2AA93D09EE6}.Debug|Any CPU.Build.0 = Debug|Any CPU
		{DAD56225-E240-4661-A555-C2AA93D09EE6}.Release|Any CPU.ActiveCfg = Release|Any CPU
		{DAD56225-E240-4661-A555-C2AA93D09EE6}.Release|Any CPU.Build.0 = Release|Any CPU
	EndGlobalSection
	GlobalSection(SolutionProperties) = preSolution
		HideSolutionNode = FALSE
	EndGlobalSection
	GlobalSection(ExtensibilityGlobals) = postSolution
		SolutionGuid = {78484B1E-5704-45B5-BB83-9E8A7563AA09}
	EndGlobalSection
EndGlobal
