
Microsoft Visual Studio Solution File, Format Version 12.00
# Visual Studio Version 17
VisualStudioVersion = 17.14.36109.1 d17.14
MinimumVisualStudioVersion = 10.0.40219.1
Project("{FAE04EC0-301F-11D3-BF4B-00C04F79EFBC}") = "Practice01", "Practice01\Practice01.csproj", "{EFF855BA-8AAB-414B-AF47-CA8F0C4D69E3}"
EndProject
Project("{FAE04EC0-301F-11D3-BF4B-00C04F79EFBC}") = "Practice02", "Practice02\Practice02.csproj", "{EBA84DEC-E1AE-4EDD-B171-A5A46887611E}"
EndProject
Project("{FAE04EC0-301F-11D3-BF4B-00C04F79EFBC}") = "Practice03", "Practice03\Practice03.csproj", "{7B5E5843-F9DA-4091-95DA-5F2E15341262}"
EndProject
Project("{FAE04EC0-301F-11D3-BF4B-00C04F79EFBC}") = "Project04", "Project04\Project04.csproj", "{307F198A-E849-493B-AA62-E211E234F685}"
EndProject
Global
	GlobalSection(SolutionConfigurationPlatforms) = preSolution
		Debug|Any CPU = Debug|Any CPU
		Release|Any CPU = Release|Any CPU
	EndGlobalSection
	GlobalSection(ProjectConfigurationPlatforms) = postSolution
		{EFF855BA-8AAB-414B-AF47-CA8F0C4D69E3}.Debug|Any CPU.ActiveCfg = Debug|Any CPU
		{EFF855BA-8AAB-414B-AF47-CA8F0C4D69E3}.Debug|Any CPU.Build.0 = Debug|Any CPU
		{EFF855BA-8AAB-414B-AF47-CA8F0C4D69E3}.Release|Any CPU.ActiveCfg = Release|Any CPU
		{EFF855BA-8AAB-414B-AF47-CA8F0C4D69E3}.Release|Any CPU.Build.0 = Release|Any CPU
		{EBA84DEC-E1AE-4EDD-B171-A5A46887611E}.Debug|Any CPU.ActiveCfg = Debug|Any CPU
		{EBA84DEC-E1AE-4EDD-B171-A5A46887611E}.Debug|Any CPU.Build.0 = Debug|Any CPU
		{EBA84DEC-E1AE-4EDD-B171-A5A46887611E}.Release|Any CPU.ActiveCfg = Release|Any CPU
		{EBA84DEC-E1AE-4EDD-B171-A5A46887611E}.Release|Any CPU.Build.0 = Release|Any CPU
		{7B5E5843-F9DA-4091-95DA-5F2E15341262}.Debug|Any CPU.ActiveCfg = Debug|Any CPU
		{7B5E5843-F9DA-4091-95DA-5F2E15341262}.Debug|Any CPU.Build.0 = Debug|Any CPU
		{7B5E5843-F9DA-4091-95DA-5F2E15341262}.Release|Any CPU.ActiveCfg = Release|Any CPU
		{7B5E5843-F9DA-4091-95DA-5F2E15341262}.Release|Any CPU.Build.0 = Release|Any CPU
		{307F198A-E849-493B-AA62-E211E234F685}.Debug|Any CPU.ActiveCfg = Debug|Any CPU
		{307F198A-E849-493B-AA62-E211E234F685}.Debug|Any CPU.Build.0 = Debug|Any CPU
		{307F198A-E849-493B-AA62-E211E234F685}.Release|Any CPU.ActiveCfg = Release|Any CPU
		{307F198A-E849-493B-AA62-E211E234F685}.Release|Any CPU.Build.0 = Release|Any CPU
	EndGlobalSection
	GlobalSection(SolutionProperties) = preSolution
		HideSolutionNode = FALSE
	EndGlobalSection
	GlobalSection(ExtensibilityGlobals) = postSolution
		SolutionGuid = {7BF16E6E-A09F-43A0-9384-E23AB9783C95}
	EndGlobalSection
EndGlobal
